
Microsoft Visual Studio Solution File, Format Version 12.00
# Visual Studio 15
VisualStudioVersion = 15.0.27703.2035
MinimumVisualStudioVersion = 10.0.40219.1
Project("{9A19103F-16F7-4668-BE54-9A1E7A4F7556}") = "SumMatrixElements", "MultidimensionalArrays\SumMatrixElements.csproj", "{B7CC3CA7-4342-4F3D-8B36-682ACC1B2E24}"
EndProject
Project("{9A19103F-16F7-4668-BE54-9A1E7A4F7556}") = "SquareWithMaximulSum", "SquareWithMaximulSum\SquareWithMaximulSum.csproj", "{6109F77C-B379-4F68-8296-172BAD2499B0}"
EndProject
Project("{9A19103F-16F7-4668-BE54-9A1E7A4F7556}") = "PascalTriangle", "PascalTriangle\PascalTriangle.csproj", "{0C63CCD2-B7F6-4180-9F57-FE38FC682AD5}"
EndProject
Project("{FAE04EC0-301F-11D3-BF4B-00C04F79EFBC}") = "MatrixOfPalindromes", "MatrixOfPalindromes\MatrixOfPalindromes.csproj", "{4598B545-FC62-4AA0-9C4B-37D92C8C5BAA}"
EndProject
Project("{FAE04EC0-301F-11D3-BF4B-00C04F79EFBC}") = "DiagonalDifference", "DiagonalDifference\DiagonalDifference.csproj", "{FA5DCA0B-C0A5-4258-89D8-2C5927F29F82}"
EndProject
Global
	GlobalSection(SolutionConfigurationPlatforms) = preSolution
		Debug|Any CPU = Debug|Any CPU
		Release|Any CPU = Release|Any CPU
	EndGlobalSection
	GlobalSection(ProjectConfigurationPlatforms) = postSolution
		{B7CC3CA7-4342-4F3D-8B36-682ACC1B2E24}.Debug|Any CPU.ActiveCfg = Debug|Any CPU
		{B7CC3CA7-4342-4F3D-8B36-682ACC1B2E24}.Debug|Any CPU.Build.0 = Debug|Any CPU
		{B7CC3CA7-4342-4F3D-8B36-682ACC1B2E24}.Release|Any CPU.ActiveCfg = Release|Any CPU
		{B7CC3CA7-4342-4F3D-8B36-682ACC1B2E24}.Release|Any CPU.Build.0 = Release|Any CPU
		{6109F77C-B379-4F68-8296-172BAD2499B0}.Debug|Any CPU.ActiveCfg = Debug|Any CPU
		{6109F77C-B379-4F68-8296-172BAD2499B0}.Debug|Any CPU.Build.0 = Debug|Any CPU
		{6109F77C-B379-4F68-8296-172BAD2499B0}.Release|Any CPU.ActiveCfg = Release|Any CPU
		{6109F77C-B379-4F68-8296-172BAD2499B0}.Release|Any CPU.Build.0 = Release|Any CPU
		{0C63CCD2-B7F6-4180-9F57-FE38FC682AD5}.Debug|Any CPU.ActiveCfg = Debug|Any CPU
		{0C63CCD2-B7F6-4180-9F57-FE38FC682AD5}.Debug|Any CPU.Build.0 = Debug|Any CPU
		{0C63CCD2-B7F6-4180-9F57-FE38FC682AD5}.Release|Any CPU.ActiveCfg = Release|Any CPU
		{0C63CCD2-B7F6-4180-9F57-FE38FC682AD5}.Release|Any CPU.Build.0 = Release|Any CPU
		{4598B545-FC62-4AA0-9C4B-37D92C8C5BAA}.Debug|Any CPU.ActiveCfg = Debug|Any CPU
		{4598B545-FC62-4AA0-9C4B-37D92C8C5BAA}.Debug|Any CPU.Build.0 = Debug|Any CPU
		{4598B545-FC62-4AA0-9C4B-37D92C8C5BAA}.Release|Any CPU.ActiveCfg = Release|Any CPU
		{4598B545-FC62-4AA0-9C4B-37D92C8C5BAA}.Release|Any CPU.Build.0 = Release|Any CPU
		{FA5DCA0B-C0A5-4258-89D8-2C5927F29F82}.Debug|Any CPU.ActiveCfg = Debug|Any CPU
		{FA5DCA0B-C0A5-4258-89D8-2C5927F29F82}.Debug|Any CPU.Build.0 = Debug|Any CPU
		{FA5DCA0B-C0A5-4258-89D8-2C5927F29F82}.Release|Any CPU.ActiveCfg = Release|Any CPU
		{FA5DCA0B-C0A5-4258-89D8-2C5927F29F82}.Release|Any CPU.Build.0 = Release|Any CPU
	EndGlobalSection
	GlobalSection(SolutionProperties) = preSolution
		HideSolutionNode = FALSE
	EndGlobalSection
	GlobalSection(ExtensibilityGlobals) = postSolution
		SolutionGuid = {D0BDEB5C-C1C3-4539-9579-7CF8E507557D}
	EndGlobalSection
EndGlobal
